github.com/goccy/go-yaml v1.19.2 h1:PmFC1S6h8ljIz6gMRBopkjP1TVT7xuwrButHID66PoM=
github.com/goccy/go-yaml v1.19.2/go.mod h1:XBurs7gK8ATbW4ZPGKgcbrY1Br56PdM69F7LkFRi1kA=
github.com/qmuntal/stateless v1.8.0 h1:9+Eg/7bWLKxUxs/vysNYAelFAh85kTyueC3ee6v8im8=
github.com/qmuntal/stateless v1.8.0/go.mod h1:KWa8KVzIBD/ZS0EdzL5oU79sGq7fKwH9WEFijTC5AWw=
